
Microsoft Visual Studio Solution File, Format Version 12.00
# Visual Studio 2012
Project("{FAE04EC0-301F-11D3-BF4B-00C04F79EFBC}") = "MarioSpecialtyFoods", "MarioSpecialtyFoods\MarioSpecialtyFoods.csproj", "{62E25EAC-6BFE-40C9-8B64-155B1EF4E406}"
EndProject
Project("{FAE04EC0-301F-11D3-BF4B-00C04F79EFBC}") = "MarioSpecialtyFoodsTests", "MarioSpecialtyFoodsTests\MarioSpecialtyFoodsTests.csproj", "{19CBB5BB-58C1-44CD-B3C0-AD39B0463216}"
EndProject
Global
	GlobalSection(SolutionConfigurationPlatforms) = preSolution
		Debug|Any CPU = Debug|Any CPU
		Release|Any CPU = Release|Any CPU
	EndGlobalSection
	GlobalSection(ProjectConfigurationPlatforms) = postSolution
		{62E25EAC-6BFE-40C9-8B64-155B1EF4E406}.Debug|Any CPU.ActiveCfg = Debug|Any CPU
		{62E25EAC-6BFE-40C9-8B64-155B1EF4E406}.Debug|Any CPU.Build.0 = Debug|Any CPU
		{62E25EAC-6BFE-40C9-8B64-155B1EF4E406}.Release|Any CPU.ActiveCfg = Release|Any CPU
		{62E25EAC-6BFE-40C9-8B64-155B1EF4E406}.Release|Any CPU.Build.0 = Release|Any CPU
		{19CBB5BB-58C1-44CD-B3C0-AD39B0463216}.Debug|Any CPU.ActiveCfg = Debug|Any CPU
		{19CBB5BB-58C1-44CD-B3C0-AD39B0463216}.Debug|Any CPU.Build.0 = Debug|Any CPU
		{19CBB5BB-58C1-44CD-B3C0-AD39B0463216}.Release|Any CPU.ActiveCfg = Release|Any CPU
		{19CBB5BB-58C1-44CD-B3C0-AD39B0463216}.Release|Any CPU.Build.0 = Release|Any CPU
	EndGlobalSection
EndGlobal
